
Microsoft Visual Studio Solution File, Format Version 12.00
# Visual Studio Version 16
VisualStudioVersion = 16.0.29503.13
MinimumVisualStudioVersion = 10.0.40219.1
Project("{9A19103F-16F7-4668-BE54-9A1E7A4F7556}") = "MassTransitSample", "MassTransitSample\MassTransitSample.csproj", "{9B89BC09-EDBE-4F7A-90DC-DC29A0A18E8F}"
EndProject
Global
	GlobalSection(SolutionConfigurationPlatforms) = preSolution
		Debug|Any CPU = Debug|Any CPU
		Release|Any CPU = Release|Any CPU
	EndGlobalSection
	GlobalSection(ProjectConfigurationPlatforms) = postSolution
		{9B89BC09-EDBE-4F7A-90DC-DC29A0A18E8F}.Debug|Any CPU.ActiveCfg = Debug|Any CPU
		{9B89BC09-EDBE-4F7A-90DC-DC29A0A18E8F}.Debug|Any CPU.Build.0 = Debug|Any CPU
		{9B89BC09-EDBE-4F7A-90DC-DC29A0A18E8F}.Release|Any CPU.ActiveCfg = Release|Any CPU
		{9B89BC09-EDBE-4F7A-90DC-DC29A0A18E8F}.Release|Any CPU.Build.0 = Release|Any CPU
	EndGlobalSection
	GlobalSection(SolutionProperties) = preSolution
		HideSolutionNode = FALSE
	EndGlobalSection
	GlobalSection(ExtensibilityGlobals) = postSolution
		SolutionGuid = {DC2E6EF3-E33F-4B86-9A16-8D3D504F2ED3}
	EndGlobalSection
EndGlobal
